
Microsoft Visual Studio Solution File, Format Version 12.00
# Visual Studio 15
VisualStudioVersion = 15.0.27130.2010
MinimumVisualStudioVersion = 10.0.40219.1
Project("{FAE04EC0-301F-11D3-BF4B-00C04F79EFBC}") = "GitDemo1", "GitDemo1\GitDemo1.csproj", "{2EE73605-2914-4075-9349-E352AE2E38D4}"
EndProject
Project("{E53339B2-1760-4266-BCC7-CA923CBCF16C}") = "docker-compose", "docker-compose.dcproj", "{AB2EB192-744F-42C4-A0D5-8B5F723BE9F4}"
EndProject
Global
	GlobalSection(SolutionConfigurationPlatforms) = preSolution
		Debug|Any CPU = Debug|Any CPU
		Release|Any CPU = Release|Any CPU
	EndGlobalSection
	GlobalSection(ProjectConfigurationPlatforms) = postSolution
		{2EE73605-2914-4075-9349-E352AE2E38D4}.Debug|Any CPU.ActiveCfg = Debug|Any CPU
		{2EE73605-2914-4075-9349-E352AE2E38D4}.Debug|Any CPU.Build.0 = Debug|Any CPU
		{2EE73605-2914-4075-9349-E352AE2E38D4}.Release|Any CPU.ActiveCfg = Release|Any CPU
		{2EE73605-2914-4075-9349-E352AE2E38D4}.Release|Any CPU.Build.0 = Release|Any CPU
		{AB2EB192-744F-42C4-A0D5-8B5F723BE9F4}.Debug|Any CPU.ActiveCfg = Debug|Any CPU
		{AB2EB192-744F-42C4-A0D5-8B5F723BE9F4}.Debug|Any CPU.Build.0 = Debug|Any CPU
		{AB2EB192-744F-42C4-A0D5-8B5F723BE9F4}.Release|Any CPU.ActiveCfg = Release|Any CPU
		{AB2EB192-744F-42C4-A0D5-8B5F723BE9F4}.Release|Any CPU.Build.0 = Release|Any CPU
	EndGlobalSection
	GlobalSection(SolutionProperties) = preSolution
		HideSolutionNode = FALSE
	EndGlobalSection
	GlobalSection(ExtensibilityGlobals) = postSolution
		SolutionGuid = {D56A9D22-349C-4185-A7F1-0FAB08947742}
	EndGlobalSection
EndGlobal
